
Microsoft Visual Studio Solution File, Format Version 12.00
# Visual Studio Version 17
VisualStudioVersion = 17.7.34221.43
MinimumVisualStudioVersion = 10.0.40219.1
Project("{FAE04EC0-301F-11D3-BF4B-00C04F79EFBC}") = "LibraryPro", "LibraryPro\LibraryPro.csproj", "{C5EDF825-96AF-4860-9D6E-D3B5B06EFD66}"
EndProject
Global
	GlobalSection(SolutionConfigurationPlatforms) = preSolution
		Debug|Any CPU = Debug|Any CPU
		Release|Any CPU = Release|Any CPU
	EndGlobalSection
	GlobalSection(ProjectConfigurationPlatforms) = postSolution
		{C5EDF825-96AF-4860-9D6E-D3B5B06EFD66}.Debug|Any CPU.ActiveCfg = Debug|Any CPU
		{C5EDF825-96AF-4860-9D6E-D3B5B06EFD66}.Debug|Any CPU.Build.0 = Debug|Any CPU
		{C5EDF825-96AF-4860-9D6E-D3B5B06EFD66}.Release|Any CPU.ActiveCfg = Release|Any CPU
		{C5EDF825-96AF-4860-9D6E-D3B5B06EFD66}.Release|Any CPU.Build.0 = Release|Any CPU
	EndGlobalSection
	GlobalSection(SolutionProperties) = preSolution
		HideSolutionNode = FALSE
	EndGlobalSection
	GlobalSection(ExtensibilityGlobals) = postSolution
		SolutionGuid = {3714EB2B-C302-4568-8D50-B1E6E67A60FF}
	EndGlobalSection
EndGlobal
